// !$*UTF8*$!
{
	archiveVersion = 1;
	classes = {
	};
	objectVersion = 48;
	objects = {

/* Begin PBXBuildFile section */
		55375D8C2157331C0007198E /* AppDelegate.swift in Sources */ = {isa = PBXBuildFile; fileRef = 55375D8B2157331C0007198E /* AppDelegate.swift */; };
		55375D8E2157331C0007198E /* ViewController.swift in Sources */ = {isa = PBXBuildFile; fileRef = 55375D8D2157331C0007198E /* ViewController.swift */; };
		55375D912157331C0007198E /* Main.storyboard in Resources */ = {isa = PBXBuildFile; fileRef = 55375D8F2157331C0007198E /* Main.storyboard */; };
		55375D932157331C0007198E /* Assets.xcassets in Resources */ = {isa = PBXBuildFile; fileRef = 55375D922157331C0007198E /* Assets.xcassets */; };
		55375D962157331C0007198E /* LaunchScreen.storyboard in Resources */ = {isa = PBXBuildFile; fileRef = 55375D942157331C0007198E /* LaunchScreen.storyboard */; };
		55375D9E2157338B0007198E /* SecondViewController.swift in Sources */ = {isa = PBXBuildFile; fileRef = 55375D9D2157338B0007198E /* SecondViewController.swift */; };
		55375DA0215733990007198E /* Productos.swift in Sources */ = {isa = PBXBuildFile; fileRef = 55375D9F215733990007198E /* Productos.swift */; };
		5573D6C621576FCB00F68138 /* ThirdViewController.swift in Sources */ = {isa = PBXBuildFile; fileRef = 5573D6C521576FCA00F68138 /* ThirdViewController.swift */; };
/* End PBXBuildFile section */

/* Begin PBXFileReference section */
		55375D882157331C0007198E /* shopinglist1.2.app */ = {isa = PBXFileReference; explicitFileType = wrapper.application; includeInIndex = 0; path = shopinglist1.2.app; sourceTree = BUILT_PRODUCTS_DIR; };
		55375D8B2157331C0007198E /* AppDelegate.swift */ = {isa = PBXFileReference; lastKnownFileType = sourcecode.swift; path = AppDelegate.swift; sourceTree = "<group>"; };
		55375D8D2157331C0007198E /* ViewController.swift */ = {isa = PBXFileReference; lastKnownFileType = sourcecode.swift; path = ViewController.swift; sourceTree = "<group>"; };
		55375D902157331C0007198E /* Base */ = {isa = PBXFileReference; lastKnownFileType = file.storyboard; name = Base; path = Base.lproj/Main.storyboard; sourceTree = "<group>"; };
		55375D922157331C0007198E /* Assets.xcassets */ = {isa = PBXFileReference; lastKnownFileType = folder.assetcatalog; path = Assets.xcassets; sourceTree = "<group>"; };
		55375D952157331C0007198E /* Base */ = {isa = PBXFileReference; lastKnownFileType = file.storyboard; name = Base; path = Base.lproj/LaunchScreen.storyboard; sourceTree = "<group>"; };
		55375D972157331C0007198E /* Info.plist */ = {isa = PBXFileReference; lastKnownFileType = text.plist.xml; path = Info.plist; sourceTree = "<group>"; };
		55375D9D2157338B0007198E /* SecondViewController.swift */ = {isa = PBXFileReference; lastKnownFileType = sourcecode.swift; path = SecondViewController.swift; sourceTree = "<group>"; };
		55375D9F215733990007198E /* Productos.swift */ = {isa = PBXFileReference; lastKnownFileType = sourcecode.swift; path = Productos.swift; sourceTree = "<group>"; };
		5573D6C521576FCA00F68138 /* ThirdViewController.swift */ = {isa = PBXFileReference; lastKnownFileType = sourcecode.swift; path = ThirdViewController.swift; sourceTree = "<group>"; };
/* End PBXFileReference section */

/* Begin PBXFrameworksBuildPhase section */
		55375D852157331C0007198E /* Frameworks */ = {
			isa = PBXFrameworksBuildPhase;
			buildActionMask = 2147483647;
			files = (
			);
			runOnlyForDeploymentPostprocessing = 0;
		};
/* End PBXFrameworksBuildPhase section */

/* Begin PBXGroup section */
		55375D7F2157331B0007198E = {
			isa = PBXGroup;
			children = (
				55375D8A2157331C0007198E /* shopinglist1.2 */,
				55375D892157331C0007198E /* Products */,
			);
			sourceTree = "<group>";
		};
		55375D892157331C0007198E /* Products */ = {
			isa = PBXGroup;
			children = (
				55375D882157331C0007198E /* shopinglist1.2.app */,
			);
			name = Products;
			sourceTree = "<group>";
		};
		55375D8A2157331C0007198E /* shopinglist1.2 */ = {
			isa = PBXGroup;
			children = (
				55375D8B2157331C0007198E /* AppDelegate.swift */,
				55375D8D2157331C0007198E /* ViewController.swift */,
				55375D8F2157331C0007198E /* Main.storyboard */,
				55375D922157331C0007198E /* Assets.xcassets */,
				55375D942157331C0007198E /* LaunchScreen.storyboard */,
				55375D972157331C0007198E /* Info.plist */,
				55375D9D2157338B0007198E /* SecondViewController.swift */,
				55375D9F215733990007198E /* Productos.swift */,
				5573D6C521576FCA00F68138 /* ThirdViewController.swift */,
			);
			path = shopinglist1.2;
			sourceTree = "<group>";
		};
/* End PBXGroup section */

/* Begin PBXNativeTarget section */
		55375D872157331C0007198E /* shopinglist1.2 */ = {
			isa = PBXNativeTarget;
			buildConfigurationList = 55375D9A2157331C0007198E /* Build configuration list for PBXNativeTarget "shopinglist1.2" */;
			buildPhases = (
				55375D842157331C0007198E /* Sources */,
				55375D852157331C0007198E /* Frameworks */,
				55375D862157331C0007198E /* Resources */,
			);
			buildRules = (
			);
			dependencies = (
			);
			name = shopinglist1.2;
			productName = shopinglist1.2;
			productReference = 55375D882157331C0007198E /* shopinglist1.2.app */;
			productType = "com.apple.product-type.application";
		};
/* End PBXNativeTarget section */

/* Begin PBXProject section */
		55375D802157331C0007198E /* Project object */ = {
			isa = PBXProject;
			attributes = {
				LastSwiftUpdateCheck = 0910;
				LastUpgradeCheck = 0910;
				ORGANIZATIONNAME = "Ernesto Pang";
				TargetAttributes = {
					55375D872157331C0007198E = {
						CreatedOnToolsVersion = 9.1;
						ProvisioningStyle = Automatic;
					};
				};
			};
			buildConfigurationList = 55375D832157331C0007198E /* Build configuration list for PBXProject "shopinglist1.2" */;
			compatibilityVersion = "Xcode 8.0";
			developmentRegion = en;
			hasScannedForEncodings = 0;
			knownRegions = (
				en,
				Base,
			);
			mainGroup = 55375D7F2157331B0007198E;
			productRefGroup = 55375D892157331C0007198E /* Products */;
			projectDirPath = "";
			projectRoot = "";
			targets = (
				55375D872157331C0007198E /* shopinglist1.2 */,
			);
		};
/* End PBXProject section */

/* Begin PBXResourcesBuildPhase section */
		55375D862157331C0007198E /* Resources */ = {
			isa = PBXResourcesBuildPhase;
			buildActionMask = 2147483647;
			files = (
				55375D962157331C0007198E /* LaunchScreen.storyboard in Resources */,
				55375D932157331C0007198E /* Assets.xcassets in Resources */,
				55375D912157331C0007198E /* Main.storyboard in Resources */,
			);
			runOnlyForDeploymentPostprocessing = 0;
		};
/* End PBXResourcesBuildPhase section */

/* Begin PBXSourcesBuildPhase section */
		55375D842157331C0007198E /* Sources */ = {
			isa = PBXSourcesBuildPhase;
			buildActionMask = 2147483647;
			files = (
				55375D9E2157338B0007198E /* SecondViewController.swift in Sources */,
				55375DA0215733990007198E /* Productos.swift in Sources */,
				5573D6C621576FCB00F68138 /* ThirdViewController.swift in Sources */,
				55375D8E2157331C0007198E /* ViewController.swift in Sources */,
				55375D8C2157331C0007198E /* AppDelegate.swift in Sources */,
			);
			runOnlyForDeploymentPostprocessing = 0;
		};
/* End PBXSourcesBuildPhase section */

/* Begin PBXVariantGroup section */
		55375D8F2157331C0007198E /* Main.storyboard */ = {
			isa = PBXVariantGroup;
			children = (
				55375D902157331C0007198E /* Base */,
			);
			name = Main.storyboard;
			sourceTree = "<group>";
		};
		55375D942157331C0007198E /* LaunchScreen.storyboard */ = {
			isa = PBXVariantGroup;
			children = (
				55375D952157331C0007198E /* Base */,
			);
			name = LaunchScreen.storyboard;
			sourceTree = "<group>";
		};
/* End PBXVariantGroup section */

/* Begin XCBuildConfiguration section */
		55375D982157331C0007198E /* Debug */ = {
			isa = XCBuildConfiguration;
			buildSettings = {
				ALWAYS_SEARCH_USER_PATHS = NO;
				CLANG_ANALYZER_NONNULL = YES;
				CLANG_ANALYZER_NUMBER_OBJECT_CONVERSION = YES_AGGRESSIVE;
				CLANG_CXX_LANGUAGE_STANDARD = "gnu++14";
				CLANG_CXX_LIBRARY = "libc++";
				CLANG_ENABLE_MODULES = YES;
				CLANG_ENABLE_OBJC_ARC = YES;
				CLANG_WARN_BLOCK_CAPTURE_AUTORELEASING = YES;
				CLANG_WARN_BOOL_CONVERSION = YES;
				CLANG_WARN_COMMA = YES;
				CLANG_WARN_CONSTANT_CONVERSION = YES;
				CLANG_WARN_DIRECT_OBJC_ISA_USAGE = YES_ERROR;
				CLANG_WARN_DOCUMENTATION_COMMENTS = YES;
				CLANG_WARN_EMPTY_BODY = YES;
				CLANG_WARN_ENUM_CONVERSION = YES;
				CLANG_WARN_INFINITE_RECURSION = YES;
				CLANG_WARN_INT_CONVERSION = YES;
				CLANG_WARN_NON_LITERAL_NULL_CONVERSION = YES;
				CLANG_WARN_OBJC_LITERAL_CONVERSION = YES;
				CLANG_WARN_OBJC_ROOT_CLASS = YES_ERROR;
				CLANG_WARN_RANGE_LOOP_ANALYSIS = YES;
				CLANG_WARN_STRICT_PROTOTYPES = YES;
				CLANG_WARN_SUSPICIOUS_MOVE = YES;
				CLANG_WARN_UNGUARDED_AVAILABILITY = YES_AGGRESSIVE;
				CLANG_WARN_UNREACHABLE_CODE = YES;
				CLANG_WARN__DUPLICATE_METHOD_MATCH = YES;
				CODE_SIGN_IDENTITY = "iPhone Developer";
				COPY_PHASE_STRIP = NO;
				DEBUG_INFORMATION_FORMAT = dwarf;
				ENABLE_STRICT_OBJC_MSGSEND = YES;
				ENABLE_TESTABILITY = YES;
				GCC_C_LANGUAGE_STANDARD = gnu11;
				GCC_DYNAMIC_NO_PIC = NO;
				GCC_NO_COMMON_BLOCKS = YES;
				GCC_OPTIMIZATION_LEVEL = 0;
				GCC_PREPROCESSOR_DEFINITIONS = (
					"DEBUG=1",
					"$(inherited)",
				);
				GCC_WARN_64_TO_32_BIT_CONVERSION = YES;
				GCC_WARN_ABOUT_RETURN_TYPE = YES_ERROR;
				GCC_WARN_UNDECLARED_SELECTOR = YES;
				GCC_WARN_UNINITIALIZED_AUTOS = YES_AGGRESSIVE;
				GCC_WARN_UNUSED_FUNCTION = YES;
				GCC_WARN_UNUSED_VARIABLE = YES;
				IPHONEOS_DEPLOYMENT_TARGET = 11.1;
				MTL_ENABLE_DEBUG_INFO = YES;
				ONLY_ACTIVE_ARCH = YES;
				SDKROOT = iphoneos;
				SWIFT_ACTIVE_COMPILATION_CONDITIONS = DEBUG;
				SWIFT_OPTIMIZATION_LEVEL = "-Onone";
			};
			name = Debug;
		};
		55375D992157331C0007198E /* Release */ = {
			isa = XCBuildConfiguration;
			buildSettings = {
				ALWAYS_SEARCH_USER_PATHS = NO;
				CLANG_ANALYZER_NONNULL = YES;
				CLANG_ANALYZER_NUMBER_OBJECT_CONVERSION = YES_AGGRESSIVE;
				CLANG_CXX_LANGUAGE_STANDARD = "gnu++14";
				CLANG_CXX_LIBRARY = "libc++";
				CLANG_ENABLE_MODULES = YES;
				CLANG_ENABLE_OBJC_ARC = YES;
				CLANG_WARN_BLOCK_CAPTURE_AUTORELEASING = YES;
				CLANG_WARN_BOOL_CONVERSION = YES;
				CLANG_WARN_COMMA = YES;
				CLANG_WARN_CONSTANT_CONVERSION = YES;
				CLANG_WARN_DIRECT_OBJC_ISA_USAGE = YES_ERROR;
				CLANG_WARN_DOCUMENTATION_COMMENTS = YES;
				CLANG_WARN_EMPTY_BODY = YES;
				CLANG_WARN_ENUM_CONVERSION = YES;
				CLANG_WARN_INFINITE_RECURSION = YES;
				CLANG_WARN_INT_CONVERSION = YES;
				CLANG_WARN_NON_LITERAL_NULL_CONVERSION = YES;
				CLANG_WARN_OBJC_LITERAL_CONVERSION = YES;
				CLANG_WARN_OBJC_ROOT_CLASS = YES_ERROR;
				CLANG_WARN_RANGE_LOOP_ANALYSIS = YES;
				CLANG_WARN_STRICT_PROTOTYPES = YES;
				CLANG_WARN_SUSPICIOUS_MOVE = YES;
				CLANG_WARN_UNGUARDED_AVAILABILITY = YES_AGGRESSIVE;
				CLANG_WARN_UNREACHABLE_CODE = YES;
				CLANG_WARN__DUPLICATE_METHOD_MATCH = YES;
				CODE_SIGN_IDENTITY = "iPhone Developer";
				COPY_PHASE_STRIP = NO;
				DEBUG_INFORMATION_FORMAT = "dwarf-with-dsym";
				ENABLE_NS_ASSERTIONS = NO;
				ENABLE_STRICT_OBJC_MSGSEND = YES;
				GCC_C_LANGUAGE_STANDARD = gnu11;
				GCC_NO_COMMON_BLOCKS = YES;
				GCC_WARN_64_TO_32_BIT_CONVERSION = YES;
				GCC_WARN_ABOUT_RETURN_TYPE = YES_ERROR;
				GCC_WARN_UNDECLARED_SELECTOR = YES;
				GCC_WARN_UNINITIALIZED_AUTOS = YES_AGGRESSIVE;
				GCC_WARN_UNUSED_FUNCTION = YES;
				GCC_WARN_UNUSED_VARIABLE = YES;
				IPHONEOS_DEPLOYMENT_TARGET = 11.1;
				MTL_ENABLE_DEBUG_INFO = NO;
				SDKROOT = iphoneos;
				SWIFT_OPTIMIZATION_LEVEL = "-Owholemodule";
				VALIDATE_PRODUCT = YES;
			};
			name = Release;
		};
		55375D9B2157331C0007198E /* Debug */ = {
			isa = XCBuildConfiguration;
			buildSettings = {
				ASSETCATALOG_COMPILER_APPICON_NAME = AppIcon;
				CODE_SIGN_STYLE = Automatic;
				INFOPLIST_FILE = shopinglist1.2/Info.plist;
				LD_RUNPATH_SEARCH_PATHS = "$(inherited) @executable_path/Frameworks";
				PRODUCT_BUNDLE_IDENTIFIER = "comioslab.shopinglist1-2";
				PRODUCT_NAME = "$(TARGET_NAME)";
				SWIFT_VERSION = 4.0;
				TARGETED_DEVICE_FAMILY = "1,2";
			};
			name = Debug;
		};
		55375D9C2157331C0007198E /* Release */ = {
			isa = XCBuildConfiguration;
			buildSettings = {
				ASSETCATALOG_COMPILER_APPICON_NAME = AppIcon;
				CODE_SIGN_STYLE = Automatic;
				INFOPLIST_FILE = shopinglist1.2/Info.plist;
				LD_RUNPATH_SEARCH_PATHS = "$(inherited) @executable_path/Frameworks";
				PRODUCT_BUNDLE_IDENTIFIER = "comioslab.shopinglist1-2";
				PRODUCT_NAME = "$(TARGET_NAME)";
				SWIFT_VERSION = 4.0;
				TARGETED_DEVICE_FAMILY = "1,2";
			};
			name = Release;
		};
/* End XCBuildConfiguration section */

/* Begin XCConfigurationList section */
		55375D832157331C0007198E /* Build configuration list for PBXProject "shopinglist1.2" */ = {
			isa = XCConfigurationList;
			buildConfigurations = (
				55375D982157331C0007198E /* Debug */,
				55375D992157331C0007198E /* Release */,
			);
			defaultConfigurationIsVisible = 0;
			defaultConfigurationName = Release;
		};
		55375D9A2157331C0007198E /* Build configuration list for PBXNativeTarget "shopinglist1.2" */ = {
			isa = XCConfigurationList;
			buildConfigurations = (
				55375D9B2157331C0007198E /* Debug */,
				55375D9C2157331C0007198E /* Release */,
			);
			defaultConfigurationIsVisible = 0;
			defaultConfigurationName = Release;
		};
/* End XCConfigurationList section */
	};
	rootObject = 55375D802157331C0007198E /* Project object */;
}
